{
  "name": "weixinNotifyApp",
  "version": "1.0.0",
  "lockfileVersion": 1,
  "requires": true,
  "dependencies": {
    "config": {
      "version": "file:../common/config"
    },
    "handle-notify": {
      "version": "file:../common/handle-notify"
    },
    "unipay": {
      "version": "file:../common/unipay"
    }
  }
}
